
Microsoft Visual Studio Solution File, Format Version 12.00
# Visual Studio Version 17
VisualStudioVersion = 17.13.36105.23 d17.13
MinimumVisualStudioVersion = 10.0.40219.1
Project("{FAE04EC0-301F-11D3-BF4B-00C04F79EFBC}") = "atbash", "atbash.csproj", "{9750EC81-0F92-4418-AF08-2D2CB1188B3C}"
EndProject
Global
	GlobalSection(SolutionConfigurationPlatforms) = preSolution
		Debug|Any CPU = Debug|Any CPU
		Release|Any CPU = Release|Any CPU
	EndGlobalSection
	GlobalSection(ProjectConfigurationPlatforms) = postSolution
		{9750EC81-0F92-4418-AF08-2D2CB1188B3C}.Debug|Any CPU.ActiveCfg = Debug|Any CPU
		{9750EC81-0F92-4418-AF08-2D2CB1188B3C}.Debug|Any CPU.Build.0 = Debug|Any CPU
		{9750EC81-0F92-4418-AF08-2D2CB1188B3C}.Release|Any CPU.ActiveCfg = Release|Any CPU
		{9750EC81-0F92-4418-AF08-2D2CB1188B3C}.Release|Any CPU.Build.0 = Release|Any CPU
	EndGlobalSection
	GlobalSection(SolutionProperties) = preSolution
		HideSolutionNode = FALSE
	EndGlobalSection
	GlobalSection(ExtensibilityGlobals) = postSolution
		SolutionGuid = {8E7B7284-C3E3-41C4-AF27-4B0E087ABEF2}
	EndGlobalSection
EndGlobal
